# THIS IS AN AUTOGENERATED FILE. DO NOT EDIT THIS FILE DIRECTLY.
# yarn lockfile v1


content-check@^1.0.2:
  version "1.0.2"
  resolved "https://registry.yarnpkg.com/content-check/-/content-check-1.0.2.tgz#a94284827e3d24ec0de9998803dcfc2ae18adf6f"
  dependencies:
    is-typeof "^2.0.2"
    mime-types "^2.1.17"

is-typeof@^2.0.2:
  version "2.0.2"
  resolved "https://registry.yarnpkg.com/is-typeof/-/is-typeof-2.0.2.tgz#13e7d8635c16a8f1d3f8cef4b42c892d08bea449"

mime-db@~1.30.0:
  version "1.30.0"
  resolved "https://registry.yarnpkg.com/mime-db/-/mime-db-1.30.0.tgz#74c643da2dd9d6a45399963465b26d5ca7d71f01"

mime-types@^2.1.17:
  version "2.1.17"
  resolved "https://registry.yarnpkg.com/mime-types/-/mime-types-2.1.17.tgz#09d7a393f03e995a79f8af857b70a9e0ab16557a"
  dependencies:
    mime-db "~1.30.0"
