# THIS IS AN AUTOGENERATED FILE. DO NOT EDIT THIS FILE DIRECTLY.
# yarn lockfile v1


balanced-match@^1.0.0:
  version "1.0.0"
  resolved "https://registry.yarnpkg.com/balanced-match/-/balanced-match-1.0.0.tgz#89b4d199ab2bee49de164ea02b89ce462d71b767"

brace-expansion@^1.0.0:
  version "1.1.8"
  resolved "https://registry.yarnpkg.com/brace-expansion/-/brace-expansion-1.1.8.tgz#c07b211c7c952ec1f8efd51a77ef0d1d3990a292"
  dependencies:
    balanced-match "^1.0.0"
    concat-map "0.0.1"

concat-map@0.0.1:
  version "0.0.1"
  resolved "https://registry.yarnpkg.com/concat-map/-/concat-map-0.0.1.tgz#d8a96bd77fd68df7793a73036a3ba0d5405d477b"

content-check@^1.0.2:
  version "1.0.2"
  resolved "https://registry.yarnpkg.com/content-check/-/content-check-1.0.2.tgz#a94284827e3d24ec0de9998803dcfc2ae18adf6f"
  dependencies:
    is-typeof "^2.0.2"
    mime-types "^2.1.17"

is-typeof@^2.0.2:
  version "2.0.2"
  resolved "https://registry.yarnpkg.com/is-typeof/-/is-typeof-2.0.2.tgz#13e7d8635c16a8f1d3f8cef4b42c892d08bea449"

mime-db@~1.30.0:
  version "1.30.0"
  resolved "https://registry.yarnpkg.com/mime-db/-/mime-db-1.30.0.tgz#74c643da2dd9d6a45399963465b26d5ca7d71f01"

mime-types@^2.1.17:
  version "2.1.17"
  resolved "https://registry.yarnpkg.com/mime-types/-/mime-types-2.1.17.tgz#09d7a393f03e995a79f8af857b70a9e0ab16557a"
  dependencies:
    mime-db "~1.30.0"

minimatch@3.0.3:
  version "3.0.3"
  resolved "https://registry.yarnpkg.com/minimatch/-/minimatch-3.0.3.tgz#2a4e4090b96b2db06a9d7df01055a62a77c9b774"
  dependencies:
    brace-expansion "^1.0.0"

recursive-readdir@^2.2.1:
  version "2.2.1"
  resolved "https://registry.yarnpkg.com/recursive-readdir/-/recursive-readdir-2.2.1.tgz#90ef231d0778c5ce093c9a48d74e5c5422d13a99"
  dependencies:
    minimatch "3.0.3"
